
Microsoft Visual Studio Solution File, Format Version 12.00
# Visual Studio Version 17
VisualStudioVersion = 17.7.34302.85
MinimumVisualStudioVersion = 10.0.40219.1
Project("{FAE04EC0-301F-11D3-BF4B-00C04F79EFBC}") = "UITOUX.Web.Service", "UITOUX.Web.Service\UITOUX.Web.Service.csproj", "{4CAB5B61-7301-4559-929D-6DDE3BEA478F}"
EndProject
Global
	GlobalSection(SolutionConfigurationPlatforms) = preSolution
		Debug|Any CPU = Debug|Any CPU
		Release|Any CPU = Release|Any CPU
	EndGlobalSection
	GlobalSection(ProjectConfigurationPlatforms) = postSolution
		{4CAB5B61-7301-4559-929D-6DDE3BEA478F}.Debug|Any CPU.ActiveCfg = Debug|Any CPU
		{4CAB5B61-7301-4559-929D-6DDE3BEA478F}.Debug|Any CPU.Build.0 = Debug|Any CPU
		{4CAB5B61-7301-4559-929D-6DDE3BEA478F}.Release|Any CPU.ActiveCfg = Release|Any CPU
		{4CAB5B61-7301-4559-929D-6DDE3BEA478F}.Release|Any CPU.Build.0 = Release|Any CPU
	EndGlobalSection
	GlobalSection(SolutionProperties) = preSolution
		HideSolutionNode = FALSE
	EndGlobalSection
	GlobalSection(ExtensibilityGlobals) = postSolution
		SolutionGuid = {E2DEE477-F429-4E55-8544-210506EA20A2}
	EndGlobalSection
EndGlobal
